
Microsoft Visual Studio Solution File, Format Version 12.00
# Visual Studio Version 16
VisualStudioVersion = 16.0.30907.101
MinimumVisualStudioVersion = 15.0.26124.0
Project("{2150E333-8FDC-42A3-9474-1A3956D46DE8}") = "src", "src", "{01C3AED5-2472-4C08-820E-6AC05AD91B54}"
EndProject
Project("{2150E333-8FDC-42A3-9474-1A3956D46DE8}") = "SOS", "SOS", "{F41BA5F3-7486-408F-AAE7-85733CBF0DF6}"
EndProject
Project("{2150E333-8FDC-42A3-9474-1A3956D46DE8}") = "Debuggees", "Debuggees", "{CE50BB5E-1951-47B3-9DC5-1F93D1260393}"
EndProject
Project("{9A19103F-16F7-4668-BE54-9A1E7A4F7556}") = "DivZero", "src\SOS\SOS.UnitTests\Debuggees\DivZero\DivZero.csproj", "{33B06121-EEA0-46D7-9A69-C6642D8A8D2B}"
EndProject
Project("{9A19103F-16F7-4668-BE54-9A1E7A4F7556}") = "DotnetDumpCommands", "src\SOS\SOS.UnitTests\Debuggees\DotnetDumpCommands\DotnetDumpCommands.csproj", "{848540D4-F1F4-493E-8ACE-C9737F80B91D}"
EndProject
Project("{9A19103F-16F7-4668-BE54-9A1E7A4F7556}") = "GCPOH", "src\SOS\SOS.UnitTests\Debuggees\GCPOH\GCPOH.csproj", "{5476C791-8625-4EB8-9BD7-678F024C06C5}"
EndProject
Project("{9A19103F-16F7-4668-BE54-9A1E7A4F7556}") = "GCWhere", "src\SOS\SOS.UnitTests\Debuggees\GCWhere\GCWhere.csproj", "{E284605F-886A-4B4D-82A3-DECA7AEEAD9D}"
EndProject
Project("{9A19103F-16F7-4668-BE54-9A1E7A4F7556}") = "LineNums", "src\SOS\SOS.UnitTests\Debuggees\LineNums\LineNums.csproj", "{6A403A0D-1BD3-4D4A-AEB5-C00AEEEB80E5}"
EndProject
Project("{9A19103F-16F7-4668-BE54-9A1E7A4F7556}") = "NestedExceptionTest", "src\SOS\SOS.UnitTests\Debuggees\NestedExceptionTest\NestedExceptionTest.csproj", "{18043542-67D4-489E-BFFF-CC924252823F}"
EndProject
Project("{9A19103F-16F7-4668-BE54-9A1E7A4F7556}") = "Overflow", "src\SOS\SOS.UnitTests\Debuggees\Overflow\Overflow.csproj", "{40EACBFD-8BFE-4D61-A258-179CDAEB1AB8}"
EndProject
Project("{9A19103F-16F7-4668-BE54-9A1E7A4F7556}") = "ReflectionTest", "src\SOS\SOS.UnitTests\Debuggees\ReflectionTest\ReflectionTest.csproj", "{131169EE-9F3B-4B75-9C1B-45C9F74F659F}"
EndProject
Project("{9A19103F-16F7-4668-BE54-9A1E7A4F7556}") = "SimpleThrow", "src\SOS\SOS.UnitTests\Debuggees\SimpleThrow\SimpleThrow.csproj", "{57160F45-6AD2-4003-A69C-DCFAA43A5864}"
EndProject
Project("{9A19103F-16F7-4668-BE54-9A1E7A4F7556}") = "TestDebuggee", "src\SOS\SOS.UnitTests\Debuggees\TestDebuggee\TestDebuggee.csproj", "{9F906D96-0396-4D20-B39B-2DAF3F79793D}"
EndProject
Project("{9A19103F-16F7-4668-BE54-9A1E7A4F7556}") = "SymbolTestApp", "src\SOS\SOS.UnitTests\Debuggees\SymbolTestApp\SymbolTestApp\SymbolTestApp.csproj", "{916954F2-AD1D-459A-9199-8AE0461B96B6}"
EndProject
Project("{9A19103F-16F7-4668-BE54-9A1E7A4F7556}") = "SymbolTestDll", "src\SOS\SOS.UnitTests\Debuggees\SymbolTestApp\SymbolTestDll\SymbolTestDll.csproj", "{BC13CFB1-8DDA-46EE-8B89-3D07DCB52682}"
EndProject
Project("{9A19103F-16F7-4668-BE54-9A1E7A4F7556}") = "RandomUserLibrary", "src\SOS\SOS.UnitTests\Debuggees\TaskNestedException\RandomUserLibrary\RandomUserLibrary.csproj", "{0974E6D9-19FD-4412-81F3-FFE43B47EE32}"
EndProject
Project("{9A19103F-16F7-4668-BE54-9A1E7A4F7556}") = "TaskNestedException", "src\SOS\SOS.UnitTests\Debuggees\TaskNestedException\TaskNestedException\TaskNestedException.csproj", "{3E319420-A24B-49D2-9412-698B4E4BD528}"
EndProject
Project("{FAE04EC0-301F-11D3-BF4B-00C04F79EFBC}") = "WebApp", "src\SOS\SOS.UnitTests\Debuggees\WebApp\WebApp.csproj", "{A5E9F26C-69F1-4055-A1E1-CA282387E3CC}"
EndProject
Project("{FAE04EC0-301F-11D3-BF4B-00C04F79EFBC}") = "WebApp3", "src\SOS\SOS.UnitTests\Debuggees\WebApp3\WebApp3.csproj", "{D72D0AD7-5D92-429E-8AAA-D1294E38FA21}"
EndProject
Global
	GlobalSection(SolutionConfigurationPlatforms) = preSolution
		Debug|Any CPU = Debug|Any CPU
		Debug|x64 = Debug|x64
		Debug|x86 = Debug|x86
		Release|Any CPU = Release|Any CPU
		Release|x64 = Release|x64
		Release|x86 = Release|x86
	EndGlobalSection
	GlobalSection(ProjectConfigurationPlatforms) = postSolution
		{33B06121-EEA0-46D7-9A69-C6642D8A8D2B}.Debug|Any CPU.ActiveCfg = Debug|Any CPU
		{33B06121-EEA0-46D7-9A69-C6642D8A8D2B}.Debug|Any CPU.Build.0 = Debug|Any CPU
		{33B06121-EEA0-46D7-9A69-C6642D8A8D2B}.Debug|x64.ActiveCfg = Debug|Any CPU
		{33B06121-EEA0-46D7-9A69-C6642D8A8D2B}.Debug|x64.Build.0 = Debug|Any CPU
		{33B06121-EEA0-46D7-9A69-C6642D8A8D2B}.Debug|x86.ActiveCfg = Debug|Any CPU
		{33B06121-EEA0-46D7-9A69-C6642D8A8D2B}.Debug|x86.Build.0 = Debug|Any CPU
		{33B06121-EEA0-46D7-9A69-C6642D8A8D2B}.Release|Any CPU.ActiveCfg = Release|Any CPU
		{33B06121-EEA0-46D7-9A69-C6642D8A8D2B}.Release|Any CPU.Build.0 = Release|Any CPU
		{33B06121-EEA0-46D7-9A69-C6642D8A8D2B}.Release|x64.ActiveCfg = Release|Any CPU
		{33B06121-EEA0-46D7-9A69-C6642D8A8D2B}.Release|x64.Build.0 = Release|Any CPU
		{33B06121-EEA0-46D7-9A69-C6642D8A8D2B}.Release|x86.ActiveCfg = Release|Any CPU
		{33B06121-EEA0-46D7-9A69-C6642D8A8D2B}.Release|x86.Build.0 = Release|Any CPU
		{848540D4-F1F4-493E-8ACE-C9737F80B91D}.Debug|Any CPU.ActiveCfg = Debug|Any CPU
		{848540D4-F1F4-493E-8ACE-C9737F80B91D}.Debug|Any CPU.Build.0 = Debug|Any CPU
		{848540D4-F1F4-493E-8ACE-C9737F80B91D}.Debug|x64.ActiveCfg = Debug|Any CPU
		{848540D4-F1F4-493E-8ACE-C9737F80B91D}.Debug|x64.Build.0 = Debug|Any CPU
		{848540D4-F1F4-493E-8ACE-C9737F80B91D}.Debug|x86.ActiveCfg = Debug|Any CPU
		{848540D4-F1F4-493E-8ACE-C9737F80B91D}.Debug|x86.Build.0 = Debug|Any CPU
		{848540D4-F1F4-493E-8ACE-C9737F80B91D}.Release|Any CPU.ActiveCfg = Release|Any CPU
		{848540D4-F1F4-493E-8ACE-C9737F80B91D}.Release|Any CPU.Build.0 = Release|Any CPU
		{848540D4-F1F4-493E-8ACE-C9737F80B91D}.Release|x64.ActiveCfg = Release|Any CPU
		{848540D4-F1F4-493E-8ACE-C9737F80B91D}.Release|x64.Build.0 = Release|Any CPU
		{848540D4-F1F4-493E-8ACE-C9737F80B91D}.Release|x86.ActiveCfg = Release|Any CPU
		{848540D4-F1F4-493E-8ACE-C9737F80B91D}.Release|x86.Build.0 = Release|Any CPU
		{5476C791-8625-4EB8-9BD7-678F024C06C5}.Debug|Any CPU.ActiveCfg = Debug|Any CPU
		{5476C791-8625-4EB8-9BD7-678F024C06C5}.Debug|Any CPU.Build.0 = Debug|Any CPU
		{5476C791-8625-4EB8-9BD7-678F024C06C5}.Debug|x64.ActiveCfg = Debug|Any CPU
		{5476C791-8625-4EB8-9BD7-678F024C06C5}.Debug|x64.Build.0 = Debug|Any CPU
		{5476C791-8625-4EB8-9BD7-678F024C06C5}.Debug|x86.ActiveCfg = Debug|Any CPU
		{5476C791-8625-4EB8-9BD7-678F024C06C5}.Debug|x86.Build.0 = Debug|Any CPU
		{5476C791-8625-4EB8-9BD7-678F024C06C5}.Release|Any CPU.ActiveCfg = Release|Any CPU
		{5476C791-8625-4EB8-9BD7-678F024C06C5}.Release|Any CPU.Build.0 = Release|Any CPU
		{5476C791-8625-4EB8-9BD7-678F024C06C5}.Release|x64.ActiveCfg = Release|Any CPU
		{5476C791-8625-4EB8-9BD7-678F024C06C5}.Release|x64.Build.0 = Release|Any CPU
		{5476C791-8625-4EB8-9BD7-678F024C06C5}.Release|x86.ActiveCfg = Release|Any CPU
		{5476C791-8625-4EB8-9BD7-678F024C06C5}.Release|x86.Build.0 = Release|Any CPU
		{E284605F-886A-4B4D-82A3-DECA7AEEAD9D}.Debug|Any CPU.ActiveCfg = Debug|Any CPU
		{E284605F-886A-4B4D-82A3-DECA7AEEAD9D}.Debug|Any CPU.Build.0 = Debug|Any CPU
		{E284605F-886A-4B4D-82A3-DECA7AEEAD9D}.Debug|x64.ActiveCfg = Debug|Any CPU
		{E284605F-886A-4B4D-82A3-DECA7AEEAD9D}.Debug|x64.Build.0 = Debug|Any CPU
		{E284605F-886A-4B4D-82A3-DECA7AEEAD9D}.Debug|x86.ActiveCfg = Debug|Any CPU
		{E284605F-886A-4B4D-82A3-DECA7AEEAD9D}.Debug|x86.Build.0 = Debug|Any CPU
		{E284605F-886A-4B4D-82A3-DECA7AEEAD9D}.Release|Any CPU.ActiveCfg = Release|Any CPU
		{E284605F-886A-4B4D-82A3-DECA7AEEAD9D}.Release|Any CPU.Build.0 = Release|Any CPU
		{E284605F-886A-4B4D-82A3-DECA7AEEAD9D}.Release|x64.ActiveCfg = Release|Any CPU
		{E284605F-886A-4B4D-82A3-DECA7AEEAD9D}.Release|x64.Build.0 = Release|Any CPU
		{E284605F-886A-4B4D-82A3-DECA7AEEAD9D}.Release|x86.ActiveCfg = Release|Any CPU
		{E284605F-886A-4B4D-82A3-DECA7AEEAD9D}.Release|x86.Build.0 = Release|Any CPU
		{6A403A0D-1BD3-4D4A-AEB5-C00AEEEB80E5}.Debug|Any CPU.ActiveCfg = Debug|Any CPU
		{6A403A0D-1BD3-4D4A-AEB5-C00AEEEB80E5}.Debug|Any CPU.Build.0 = Debug|Any CPU
		{6A403A0D-1BD3-4D4A-AEB5-C00AEEEB80E5}.Debug|x64.ActiveCfg = Debug|Any CPU
		{6A403A0D-1BD3-4D4A-AEB5-C00AEEEB80E5}.Debug|x64.Build.0 = Debug|Any CPU
		{6A403A0D-1BD3-4D4A-AEB5-C00AEEEB80E5}.Debug|x86.ActiveCfg = Debug|Any CPU
		{6A403A0D-1BD3-4D4A-AEB5-C00AEEEB80E5}.Debug|x86.Build.0 = Debug|Any CPU
		{6A403A0D-1BD3-4D4A-AEB5-C00AEEEB80E5}.Release|Any CPU.ActiveCfg = Release|Any CPU
		{6A403A0D-1BD3-4D4A-AEB5-C00AEEEB80E5}.Release|Any CPU.Build.0 = Release|Any CPU
		{6A403A0D-1BD3-4D4A-AEB5-C00AEEEB80E5}.Release|x64.ActiveCfg = Release|Any CPU
		{6A403A0D-1BD3-4D4A-AEB5-C00AEEEB80E5}.Release|x64.Build.0 = Release|Any CPU
		{6A403A0D-1BD3-4D4A-AEB5-C00AEEEB80E5}.Release|x86.ActiveCfg = Release|Any CPU
		{6A403A0D-1BD3-4D4A-AEB5-C00AEEEB80E5}.Release|x86.Build.0 = Release|Any CPU
		{18043542-67D4-489E-BFFF-CC924252823F}.Debug|Any CPU.ActiveCfg = Debug|Any CPU
		{18043542-67D4-489E-BFFF-CC924252823F}.Debug|Any CPU.Build.0 = Debug|Any CPU
		{18043542-67D4-489E-BFFF-CC924252823F}.Debug|x64.ActiveCfg = Debug|Any CPU
		{18043542-67D4-489E-BFFF-CC924252823F}.Debug|x64.Build.0 = Debug|Any CPU
		{18043542-67D4-489E-BFFF-CC924252823F}.Debug|x86.ActiveCfg = Debug|Any CPU
		{18043542-67D4-489E-BFFF-CC924252823F}.Debug|x86.Build.0 = Debug|Any CPU
		{18043542-67D4-489E-BFFF-CC924252823F}.Release|Any CPU.ActiveCfg = Release|Any CPU
		{18043542-67D4-489E-BFFF-CC924252823F}.Release|Any CPU.Build.0 = Release|Any CPU
		{18043542-67D4-489E-BFFF-CC924252823F}.Release|x64.ActiveCfg = Release|Any CPU
		{18043542-67D4-489E-BFFF-CC924252823F}.Release|x64.Build.0 = Release|Any CPU
		{18043542-67D4-489E-BFFF-CC924252823F}.Release|x86.ActiveCfg = Release|Any CPU
		{18043542-67D4-489E-BFFF-CC924252823F}.Release|x86.Build.0 = Release|Any CPU
		{40EACBFD-8BFE-4D61-A258-179CDAEB1AB8}.Debug|Any CPU.ActiveCfg = Debug|Any CPU
		{40EACBFD-8BFE-4D61-A258-179CDAEB1AB8}.Debug|Any CPU.Build.0 = Debug|Any CPU
		{40EACBFD-8BFE-4D61-A258-179CDAEB1AB8}.Debug|x64.ActiveCfg = Debug|Any CPU
		{40EACBFD-8BFE-4D61-A258-179CDAEB1AB8}.Debug|x64.Build.0 = Debug|Any CPU
		{40EACBFD-8BFE-4D61-A258-179CDAEB1AB8}.Debug|x86.ActiveCfg = Debug|Any CPU
		{40EACBFD-8BFE-4D61-A258-179CDAEB1AB8}.Debug|x86.Build.0 = Debug|Any CPU
		{40EACBFD-8BFE-4D61-A258-179CDAEB1AB8}.Release|Any CPU.ActiveCfg = Release|Any CPU
		{40EACBFD-8BFE-4D61-A258-179CDAEB1AB8}.Release|Any CPU.Build.0 = Release|Any CPU
		{40EACBFD-8BFE-4D61-A258-179CDAEB1AB8}.Release|x64.ActiveCfg = Release|Any CPU
		{40EACBFD-8BFE-4D61-A258-179CDAEB1AB8}.Release|x64.Build.0 = Release|Any CPU
		{40EACBFD-8BFE-4D61-A258-179CDAEB1AB8}.Release|x86.ActiveCfg = Release|Any CPU
		{40EACBFD-8BFE-4D61-A258-179CDAEB1AB8}.Release|x86.Build.0 = Release|Any CPU
		{131169EE-9F3B-4B75-9C1B-45C9F74F659F}.Debug|Any CPU.ActiveCfg = Debug|Any CPU
		{131169EE-9F3B-4B75-9C1B-45C9F74F659F}.Debug|Any CPU.Build.0 = Debug|Any CPU
		{131169EE-9F3B-4B75-9C1B-45C9F74F659F}.Debug|x64.ActiveCfg = Debug|Any CPU
		{131169EE-9F3B-4B75-9C1B-45C9F74F659F}.Debug|x64.Build.0 = Debug|Any CPU
		{131169EE-9F3B-4B75-9C1B-45C9F74F659F}.Debug|x86.ActiveCfg = Debug|Any CPU
		{131169EE-9F3B-4B75-9C1B-45C9F74F659F}.Debug|x86.Build.0 = Debug|Any CPU
		{131169EE-9F3B-4B75-9C1B-45C9F74F659F}.Release|Any CPU.ActiveCfg = Release|Any CPU
		{131169EE-9F3B-4B75-9C1B-45C9F74F659F}.Release|Any CPU.Build.0 = Release|Any CPU
		{131169EE-9F3B-4B75-9C1B-45C9F74F659F}.Release|x64.ActiveCfg = Release|Any CPU
		{131169EE-9F3B-4B75-9C1B-45C9F74F659F}.Release|x64.Build.0 = Release|Any CPU
		{131169EE-9F3B-4B75-9C1B-45C9F74F659F}.Release|x86.ActiveCfg = Release|Any CPU
		{131169EE-9F3B-4B75-9C1B-45C9F74F659F}.Release|x86.Build.0 = Release|Any CPU
		{57160F45-6AD2-4003-A69C-DCFAA43A5864}.Debug|Any CPU.ActiveCfg = Debug|Any CPU
		{57160F45-6AD2-4003-A69C-DCFAA43A5864}.Debug|Any CPU.Build.0 = Debug|Any CPU
		{57160F45-6AD2-4003-A69C-DCFAA43A5864}.Debug|x64.ActiveCfg = Debug|Any CPU
		{57160F45-6AD2-4003-A69C-DCFAA43A5864}.Debug|x64.Build.0 = Debug|Any CPU
		{57160F45-6AD2-4003-A69C-DCFAA43A5864}.Debug|x86.ActiveCfg = Debug|Any CPU
		{57160F45-6AD2-4003-A69C-DCFAA43A5864}.Debug|x86.Build.0 = Debug|Any CPU
		{57160F45-6AD2-4003-A69C-DCFAA43A5864}.Release|Any CPU.ActiveCfg = Release|Any CPU
		{57160F45-6AD2-4003-A69C-DCFAA43A5864}.Release|Any CPU.Build.0 = Release|Any CPU
		{57160F45-6AD2-4003-A69C-DCFAA43A5864}.Release|x64.ActiveCfg = Release|Any CPU
		{57160F45-6AD2-4003-A69C-DCFAA43A5864}.Release|x64.Build.0 = Release|Any CPU
		{57160F45-6AD2-4003-A69C-DCFAA43A5864}.Release|x86.ActiveCfg = Release|Any CPU
		{57160F45-6AD2-4003-A69C-DCFAA43A5864}.Release|x86.Build.0 = Release|Any CPU
		{9F906D96-0396-4D20-B39B-2DAF3F79793D}.Debug|Any CPU.ActiveCfg = Debug|Any CPU
		{9F906D96-0396-4D20-B39B-2DAF3F79793D}.Debug|Any CPU.Build.0 = Debug|Any CPU
		{9F906D96-0396-4D20-B39B-2DAF3F79793D}.Debug|x64.ActiveCfg = Debug|Any CPU
		{9F906D96-0396-4D20-B39B-2DAF3F79793D}.Debug|x64.Build.0 = Debug|Any CPU
		{9F906D96-0396-4D20-B39B-2DAF3F79793D}.Debug|x86.ActiveCfg = Debug|Any CPU
		{9F906D96-0396-4D20-B39B-2DAF3F79793D}.Debug|x86.Build.0 = Debug|Any CPU
		{9F906D96-0396-4D20-B39B-2DAF3F79793D}.Release|Any CPU.ActiveCfg = Release|Any CPU
		{9F906D96-0396-4D20-B39B-2DAF3F79793D}.Release|Any CPU.Build.0 = Release|Any CPU
		{9F906D96-0396-4D20-B39B-2DAF3F79793D}.Release|x64.ActiveCfg = Release|Any CPU
		{9F906D96-0396-4D20-B39B-2DAF3F79793D}.Release|x64.Build.0 = Release|Any CPU
		{9F906D96-0396-4D20-B39B-2DAF3F79793D}.Release|x86.ActiveCfg = Release|Any CPU
		{9F906D96-0396-4D20-B39B-2DAF3F79793D}.Release|x86.Build.0 = Release|Any CPU
		{916954F2-AD1D-459A-9199-8AE0461B96B6}.Debug|Any CPU.ActiveCfg = Debug|Any CPU
		{916954F2-AD1D-459A-9199-8AE0461B96B6}.Debug|Any CPU.Build.0 = Debug|Any CPU
		{916954F2-AD1D-459A-9199-8AE0461B96B6}.Debug|x64.ActiveCfg = Debug|Any CPU
		{916954F2-AD1D-459A-9199-8AE0461B96B6}.Debug|x64.Build.0 = Debug|Any CPU
		{916954F2-AD1D-459A-9199-8AE0461B96B6}.Debug|x86.ActiveCfg = Debug|Any CPU
		{916954F2-AD1D-459A-9199-8AE0461B96B6}.Debug|x86.Build.0 = Debug|Any CPU
		{916954F2-AD1D-459A-9199-8AE0461B96B6}.Release|Any CPU.ActiveCfg = Release|Any CPU
		{916954F2-AD1D-459A-9199-8AE0461B96B6}.Release|Any CPU.Build.0 = Release|Any CPU
		{916954F2-AD1D-459A-9199-8AE0461B96B6}.Release|x64.ActiveCfg = Release|Any CPU
		{916954F2-AD1D-459A-9199-8AE0461B96B6}.Release|x64.Build.0 = Release|Any CPU
		{916954F2-AD1D-459A-9199-8AE0461B96B6}.Release|x86.ActiveCfg = Release|Any CPU
		{916954F2-AD1D-459A-9199-8AE0461B96B6}.Release|x86.Build.0 = Release|Any CPU
		{BC13CFB1-8DDA-46EE-8B89-3D07DCB52682}.Debug|Any CPU.ActiveCfg = Debug|Any CPU
		{BC13CFB1-8DDA-46EE-8B89-3D07DCB52682}.Debug|Any CPU.Build.0 = Debug|Any CPU
		{BC13CFB1-8DDA-46EE-8B89-3D07DCB52682}.Debug|x64.ActiveCfg = Debug|Any CPU
		{BC13CFB1-8DDA-46EE-8B89-3D07DCB52682}.Debug|x64.Build.0 = Debug|Any CPU
		{BC13CFB1-8DDA-46EE-8B89-3D07DCB52682}.Debug|x86.ActiveCfg = Debug|Any CPU
		{BC13CFB1-8DDA-46EE-8B89-3D07DCB52682}.Debug|x86.Build.0 = Debug|Any CPU
		{BC13CFB1-8DDA-46EE-8B89-3D07DCB52682}.Release|Any CPU.ActiveCfg = Release|Any CPU
		{BC13CFB1-8DDA-46EE-8B89-3D07DCB52682}.Release|Any CPU.Build.0 = Release|Any CPU
		{BC13CFB1-8DDA-46EE-8B89-3D07DCB52682}.Release|x64.ActiveCfg = Release|Any CPU
		{BC13CFB1-8DDA-46EE-8B89-3D07DCB52682}.Release|x64.Build.0 = Release|Any CPU
		{BC13CFB1-8DDA-46EE-8B89-3D07DCB52682}.Release|x86.ActiveCfg = Release|Any CPU
		{BC13CFB1-8DDA-46EE-8B89-3D07DCB52682}.Release|x86.Build.0 = Release|Any CPU
		{0974E6D9-19FD-4412-81F3-FFE43B47EE32}.Debug|Any CPU.ActiveCfg = Debug|Any CPU
		{0974E6D9-19FD-4412-81F3-FFE43B47EE32}.Debug|Any CPU.Build.0 = Debug|Any CPU
		{0974E6D9-19FD-4412-81F3-FFE43B47EE32}.Debug|x64.ActiveCfg = Debug|Any CPU
		{0974E6D9-19FD-4412-81F3-FFE43B47EE32}.Debug|x64.Build.0 = Debug|Any CPU
		{0974E6D9-19FD-4412-81F3-FFE43B47EE32}.Debug|x86.ActiveCfg = Debug|Any CPU
		{0974E6D9-19FD-4412-81F3-FFE43B47EE32}.Debug|x86.Build.0 = Debug|Any CPU
		{0974E6D9-19FD-4412-81F3-FFE43B47EE32}.Release|Any CPU.ActiveCfg = Release|Any CPU
		{0974E6D9-19FD-4412-81F3-FFE43B47EE32}.Release|Any CPU.Build.0 = Release|Any CPU
		{0974E6D9-19FD-4412-81F3-FFE43B47EE32}.Release|x64.ActiveCfg = Release|Any CPU
		{0974E6D9-19FD-4412-81F3-FFE43B47EE32}.Release|x64.Build.0 = Release|Any CPU
		{0974E6D9-19FD-4412-81F3-FFE43B47EE32}.Release|x86.ActiveCfg = Release|Any CPU
		{0974E6D9-19FD-4412-81F3-FFE43B47EE32}.Release|x86.Build.0 = Release|Any CPU
		{3E319420-A24B-49D2-9412-698B4E4BD528}.Debug|Any CPU.ActiveCfg = Debug|Any CPU
		{3E319420-A24B-49D2-9412-698B4E4BD528}.Debug|Any CPU.Build.0 = Debug|Any CPU
		{3E319420-A24B-49D2-9412-698B4E4BD528}.Debug|x64.ActiveCfg = Debug|Any CPU
		{3E319420-A24B-49D2-9412-698B4E4BD528}.Debug|x64.Build.0 = Debug|Any CPU
		{3E319420-A24B-49D2-9412-698B4E4BD528}.Debug|x86.ActiveCfg = Debug|Any CPU
		{3E319420-A24B-49D2-9412-698B4E4BD528}.Debug|x86.Build.0 = Debug|Any CPU
		{3E319420-A24B-49D2-9412-698B4E4BD528}.Release|Any CPU.ActiveCfg = Release|Any CPU
		{3E319420-A24B-49D2-9412-698B4E4BD528}.Release|Any CPU.Build.0 = Release|Any CPU
		{3E319420-A24B-49D2-9412-698B4E4BD528}.Release|x64.ActiveCfg = Release|Any CPU
		{3E319420-A24B-49D2-9412-698B4E4BD528}.Release|x64.Build.0 = Release|Any CPU
		{3E319420-A24B-49D2-9412-698B4E4BD528}.Release|x86.ActiveCfg = Release|Any CPU
		{3E319420-A24B-49D2-9412-698B4E4BD528}.Release|x86.Build.0 = Release|Any CPU
		{A5E9F26C-69F1-4055-A1E1-CA282387E3CC}.Debug|Any CPU.ActiveCfg = Debug|Any CPU
		{A5E9F26C-69F1-4055-A1E1-CA282387E3CC}.Debug|Any CPU.Build.0 = Debug|Any CPU
		{A5E9F26C-69F1-4055-A1E1-CA282387E3CC}.Debug|x64.ActiveCfg = Debug|Any CPU
		{A5E9F26C-69F1-4055-A1E1-CA282387E3CC}.Debug|x64.Build.0 = Debug|Any CPU
		{A5E9F26C-69F1-4055-A1E1-CA282387E3CC}.Debug|x86.ActiveCfg = Debug|Any CPU
		{A5E9F26C-69F1-4055-A1E1-CA282387E3CC}.Debug|x86.Build.0 = Debug|Any CPU
		{A5E9F26C-69F1-4055-A1E1-CA282387E3CC}.Release|Any CPU.ActiveCfg = Release|Any CPU
		{A5E9F26C-69F1-4055-A1E1-CA282387E3CC}.Release|Any CPU.Build.0 = Release|Any CPU
		{A5E9F26C-69F1-4055-A1E1-CA282387E3CC}.Release|x64.ActiveCfg = Release|Any CPU
		{A5E9F26C-69F1-4055-A1E1-CA282387E3CC}.Release|x64.Build.0 = Release|Any CPU
		{A5E9F26C-69F1-4055-A1E1-CA282387E3CC}.Release|x86.ActiveCfg = Release|Any CPU
		{A5E9F26C-69F1-4055-A1E1-CA282387E3CC}.Release|x86.Build.0 = Release|Any CPU
		{D72D0AD7-5D92-429E-8AAA-D1294E38FA21}.Debug|Any CPU.ActiveCfg = Debug|Any CPU
		{D72D0AD7-5D92-429E-8AAA-D1294E38FA21}.Debug|Any CPU.Build.0 = Debug|Any CPU
		{D72D0AD7-5D92-429E-8AAA-D1294E38FA21}.Debug|x64.ActiveCfg = Debug|Any CPU
		{D72D0AD7-5D92-429E-8AAA-D1294E38FA21}.Debug|x64.Build.0 = Debug|Any CPU
		{D72D0AD7-5D92-429E-8AAA-D1294E38FA21}.Debug|x86.ActiveCfg = Debug|Any CPU
		{D72D0AD7-5D92-429E-8AAA-D1294E38FA21}.Debug|x86.Build.0 = Debug|Any CPU
		{D72D0AD7-5D92-429E-8AAA-D1294E38FA21}.Release|Any CPU.ActiveCfg = Release|Any CPU
		{D72D0AD7-5D92-429E-8AAA-D1294E38FA21}.Release|Any CPU.Build.0 = Release|Any CPU
		{D72D0AD7-5D92-429E-8AAA-D1294E38FA21}.Release|x64.ActiveCfg = Release|Any CPU
		{D72D0AD7-5D92-429E-8AAA-D1294E38FA21}.Release|x64.Build.0 = Release|Any CPU
		{D72D0AD7-5D92-429E-8AAA-D1294E38FA21}.Release|x86.ActiveCfg = Release|Any CPU
		{D72D0AD7-5D92-429E-8AAA-D1294E38FA21}.Release|x86.Build.0 = Release|Any CPU
	EndGlobalSection
	GlobalSection(SolutionProperties) = preSolution
		HideSolutionNode = FALSE
	EndGlobalSection
	GlobalSection(NestedProjects) = preSolution
		{F41BA5F3-7486-408F-AAE7-85733CBF0DF6} = {01C3AED5-2472-4C08-820E-6AC05AD91B54}
		{CE50BB5E-1951-47B3-9DC5-1F93D1260393} = {F41BA5F3-7486-408F-AAE7-85733CBF0DF6}
		{33B06121-EEA0-46D7-9A69-C6642D8A8D2B} = {CE50BB5E-1951-47B3-9DC5-1F93D1260393}
		{848540D4-F1F4-493E-8ACE-C9737F80B91D} = {CE50BB5E-1951-47B3-9DC5-1F93D1260393}
		{5476C791-8625-4EB8-9BD7-678F024C06C5} = {CE50BB5E-1951-47B3-9DC5-1F93D1260393}
		{E284605F-886A-4B4D-82A3-DECA7AEEAD9D} = {CE50BB5E-1951-47B3-9DC5-1F93D1260393}
		{6A403A0D-1BD3-4D4A-AEB5-C00AEEEB80E5} = {CE50BB5E-1951-47B3-9DC5-1F93D1260393}
		{18043542-67D4-489E-BFFF-CC924252823F} = {CE50BB5E-1951-47B3-9DC5-1F93D1260393}
		{40EACBFD-8BFE-4D61-A258-179CDAEB1AB8} = {CE50BB5E-1951-47B3-9DC5-1F93D1260393}
		{131169EE-9F3B-4B75-9C1B-45C9F74F659F} = {CE50BB5E-1951-47B3-9DC5-1F93D1260393}
		{57160F45-6AD2-4003-A69C-DCFAA43A5864} = {CE50BB5E-1951-47B3-9DC5-1F93D1260393}
		{9F906D96-0396-4D20-B39B-2DAF3F79793D} = {CE50BB5E-1951-47B3-9DC5-1F93D1260393}
		{916954F2-AD1D-459A-9199-8AE0461B96B6} = {CE50BB5E-1951-47B3-9DC5-1F93D1260393}
		{BC13CFB1-8DDA-46EE-8B89-3D07DCB52682} = {CE50BB5E-1951-47B3-9DC5-1F93D1260393}
		{0974E6D9-19FD-4412-81F3-FFE43B47EE32} = {CE50BB5E-1951-47B3-9DC5-1F93D1260393}
		{3E319420-A24B-49D2-9412-698B4E4BD528} = {CE50BB5E-1951-47B3-9DC5-1F93D1260393}
		{A5E9F26C-69F1-4055-A1E1-CA282387E3CC} = {CE50BB5E-1951-47B3-9DC5-1F93D1260393}
		{D72D0AD7-5D92-429E-8AAA-D1294E38FA21} = {CE50BB5E-1951-47B3-9DC5-1F93D1260393}
	EndGlobalSection
	GlobalSection(ExtensibilityGlobals) = postSolution
		SolutionGuid = {3625698F-08E5-47F0-8E88-6C8AC9ADEA9E}
	EndGlobalSection
EndGlobal
