
Microsoft Visual Studio Solution File, Format Version 12.00
# Visual Studio Version 16
VisualStudioVersion = 16.0.30804.86
MinimumVisualStudioVersion = 15.0.26124.0
Project("{2150E333-8FDC-42A3-9474-1A3956D46DE8}") = "Tools", "Tools", "{BDF12DB7-77E7-4F4A-BD1B-6A073E5FB839}"
EndProject
Project("{9A19103F-16F7-4668-BE54-9A1E7A4F7556}") = "dotnet-counters", "src\Tools\dotnet-counters\dotnet-counters.csproj", "{D5E9FF92-26E9-4DFD-BAF2-5BF99F3F7CC5}"
EndProject
Project("{2150E333-8FDC-42A3-9474-1A3956D46DE8}") = "Common", "Common", "{5946FE39-C5CC-47E3-A9BC-C3F87A8B0144}"
EndProject
Project("{2150E333-8FDC-42A3-9474-1A3956D46DE8}") = "Commands", "Commands", "{63DC9507-A954-4F67-B0D7-4BDA3464289B}"
EndProject
Project("{2150E333-8FDC-42A3-9474-1A3956D46DE8}") = "src", "src", "{644EE131-BD1B-44BE-B7DF-F1CC56673984}"
EndProject
Project("{9A19103F-16F7-4668-BE54-9A1E7A4F7556}") = "Microsoft.Diagnostics.NETCore.Client", "src\Microsoft.Diagnostics.NETCore.Client\Microsoft.Diagnostics.NETCore.Client.csproj", "{7CF7AD54-E0AA-4D5A-BEA1-2F779C173EA9}"
EndProject
Project("{2150E333-8FDC-42A3-9474-1A3956D46DE8}") = "tests", "tests", "{C607B853-3119-4ACF-83F4-BB59F68E0AD6}"
EndProject
Project("{9A19103F-16F7-4668-BE54-9A1E7A4F7556}") = "Microsoft.Diagnostics.NETCore.Client.UnitTests", "src\tests\Microsoft.Diagnostics.NETCore.Client.UnitTests\Microsoft.Diagnostics.NETCore.Client.UnitTests.csproj", "{2A5BC49E-C7B0-47F0-B958-7AEAE91822B6}"
EndProject
Project("{9A19103F-16F7-4668-BE54-9A1E7A4F7556}") = "dotnet-stack", "src\Tools\dotnet-stack\dotnet-stack.csproj", "{FC89AC46-EA79-4416-A556-4D809001C4A2}"
EndProject
Project("{2150E333-8FDC-42A3-9474-1A3956D46DE8}") = "SOS", "SOS", "{40DBD09F-C767-4B68-83B5-81CF63102340}"
EndProject
Project("{9A19103F-16F7-4668-BE54-9A1E7A4F7556}") = "SOS.InstallHelper", "src\SOS\SOS.InstallHelper\SOS.InstallHelper.csproj", "{F3273E49-67CF-4562-A3CB-EE2F684EB942}"
EndProject
Project("{9A19103F-16F7-4668-BE54-9A1E7A4F7556}") = "dotnet-sos", "src\Tools\dotnet-sos\dotnet-sos.csproj", "{93FB1C35-A15B-4E21-B754-2931FE022666}"
EndProject
Project("{9A19103F-16F7-4668-BE54-9A1E7A4F7556}") = "Microsoft.Diagnostics.Monitoring.RestServer", "src\Microsoft.Diagnostics.Monitoring.RestServer\Microsoft.Diagnostics.Monitoring.RestServer.csproj", "{6840659B-68BB-410B-B7C5-063E17D649C1}"
EndProject
Project("{9A19103F-16F7-4668-BE54-9A1E7A4F7556}") = "dotnet-monitor", "src\Tools\dotnet-monitor\dotnet-monitor.csproj", "{63745D22-1EF2-419C-ABBE-DED9DAF32C73}"
EndProject
Project("{9A19103F-16F7-4668-BE54-9A1E7A4F7556}") = "Microsoft.Diagnostics.Monitoring", "src\Microsoft.Diagnostics.Monitoring\Microsoft.Diagnostics.Monitoring.csproj", "{A738EFB4-B065-4A6C-A1C7-1470A6606E48}"
EndProject
Project("{9A19103F-16F7-4668-BE54-9A1E7A4F7556}") = "Microsoft.Diagnostics.Monitoring.EventPipe", "src\Microsoft.Diagnostics.Monitoring.EventPipe\Microsoft.Diagnostics.Monitoring.EventPipe.csproj", "{3BF8AB33-52DA-471A-BC2B-45E7B50892D1}"
EndProject
Project("{9A19103F-16F7-4668-BE54-9A1E7A4F7556}") = "Microsoft.Diagnostics.Monitoring.EventPipe.UnitTests", "src\tests\Microsoft.Diagnostics.Monitoring.EventPipe.UnitTests\Microsoft.Diagnostics.Monitoring.EventPipe.UnitTests.csproj", "{3A278087-5E86-4A70-B197-59CBDC6D6034}"
EndProject
Project("{FAE04EC0-301F-11D3-BF4B-00C04F79EFBC}") = "Microsoft.Diagnostics.DebugServices", "src\Microsoft.Diagnostics.DebugServices\Microsoft.Diagnostics.DebugServices.csproj", "{124A6A2F-0D6B-4FB5-A6C8-F004DEA677FE}"
EndProject
Project("{FAE04EC0-301F-11D3-BF4B-00C04F79EFBC}") = "Microsoft.Diagnostics.DebugServices.UnitTests", "src\tests\Microsoft.Diagnostics.DebugServices.UnitTests\Microsoft.Diagnostics.DebugServices.UnitTests.csproj", "{6028399F-4C4D-41E9-A622-72879B686EE6}"
EndProject
Project("{FAE04EC0-301F-11D3-BF4B-00C04F79EFBC}") = "Microsoft.Diagnostics.DebugServices.Implementation", "src\Microsoft.Diagnostics.DebugServices.Implementation\Microsoft.Diagnostics.DebugServices.Implementation.csproj", "{B7B16CE6-8669-4A9D-9EFF-7EB2C3C206A5}"
EndProject
Global
	GlobalSection(SolutionConfigurationPlatforms) = preSolution
		Debug|Any CPU = Debug|Any CPU
		Debug|x64 = Debug|x64
		Debug|x86 = Debug|x86
		Release|Any CPU = Release|Any CPU
		Release|x64 = Release|x64
		Release|x86 = Release|x86
	EndGlobalSection
	GlobalSection(ProjectConfigurationPlatforms) = postSolution
		{D5E9FF92-26E9-4DFD-BAF2-5BF99F3F7CC5}.Debug|Any CPU.ActiveCfg = Debug|Any CPU
		{D5E9FF92-26E9-4DFD-BAF2-5BF99F3F7CC5}.Debug|Any CPU.Build.0 = Debug|Any CPU
		{D5E9FF92-26E9-4DFD-BAF2-5BF99F3F7CC5}.Debug|x64.ActiveCfg = Debug|Any CPU
		{D5E9FF92-26E9-4DFD-BAF2-5BF99F3F7CC5}.Debug|x64.Build.0 = Debug|Any CPU
		{D5E9FF92-26E9-4DFD-BAF2-5BF99F3F7CC5}.Debug|x86.ActiveCfg = Debug|Any CPU
		{D5E9FF92-26E9-4DFD-BAF2-5BF99F3F7CC5}.Debug|x86.Build.0 = Debug|Any CPU
		{D5E9FF92-26E9-4DFD-BAF2-5BF99F3F7CC5}.Release|Any CPU.ActiveCfg = Release|Any CPU
		{D5E9FF92-26E9-4DFD-BAF2-5BF99F3F7CC5}.Release|Any CPU.Build.0 = Release|Any CPU
		{D5E9FF92-26E9-4DFD-BAF2-5BF99F3F7CC5}.Release|x64.ActiveCfg = Release|Any CPU
		{D5E9FF92-26E9-4DFD-BAF2-5BF99F3F7CC5}.Release|x64.Build.0 = Release|Any CPU
		{D5E9FF92-26E9-4DFD-BAF2-5BF99F3F7CC5}.Release|x86.ActiveCfg = Release|Any CPU
		{D5E9FF92-26E9-4DFD-BAF2-5BF99F3F7CC5}.Release|x86.Build.0 = Release|Any CPU
		{7CF7AD54-E0AA-4D5A-BEA1-2F779C173EA9}.Debug|Any CPU.ActiveCfg = Debug|Any CPU
		{7CF7AD54-E0AA-4D5A-BEA1-2F779C173EA9}.Debug|Any CPU.Build.0 = Debug|Any CPU
		{7CF7AD54-E0AA-4D5A-BEA1-2F779C173EA9}.Debug|x64.ActiveCfg = Debug|Any CPU
		{7CF7AD54-E0AA-4D5A-BEA1-2F779C173EA9}.Debug|x64.Build.0 = Debug|Any CPU
		{7CF7AD54-E0AA-4D5A-BEA1-2F779C173EA9}.Debug|x86.ActiveCfg = Debug|Any CPU
		{7CF7AD54-E0AA-4D5A-BEA1-2F779C173EA9}.Debug|x86.Build.0 = Debug|Any CPU
		{7CF7AD54-E0AA-4D5A-BEA1-2F779C173EA9}.Release|Any CPU.ActiveCfg = Release|Any CPU
		{7CF7AD54-E0AA-4D5A-BEA1-2F779C173EA9}.Release|Any CPU.Build.0 = Release|Any CPU
		{7CF7AD54-E0AA-4D5A-BEA1-2F779C173EA9}.Release|x64.ActiveCfg = Release|Any CPU
		{7CF7AD54-E0AA-4D5A-BEA1-2F779C173EA9}.Release|x64.Build.0 = Release|Any CPU
		{7CF7AD54-E0AA-4D5A-BEA1-2F779C173EA9}.Release|x86.ActiveCfg = Release|Any CPU
		{7CF7AD54-E0AA-4D5A-BEA1-2F779C173EA9}.Release|x86.Build.0 = Release|Any CPU
		{2A5BC49E-C7B0-47F0-B958-7AEAE91822B6}.Debug|Any CPU.ActiveCfg = Debug|Any CPU
		{2A5BC49E-C7B0-47F0-B958-7AEAE91822B6}.Debug|Any CPU.Build.0 = Debug|Any CPU
		{2A5BC49E-C7B0-47F0-B958-7AEAE91822B6}.Debug|x64.ActiveCfg = Debug|Any CPU
		{2A5BC49E-C7B0-47F0-B958-7AEAE91822B6}.Debug|x64.Build.0 = Debug|Any CPU
		{2A5BC49E-C7B0-47F0-B958-7AEAE91822B6}.Debug|x86.ActiveCfg = Debug|Any CPU
		{2A5BC49E-C7B0-47F0-B958-7AEAE91822B6}.Debug|x86.Build.0 = Debug|Any CPU
		{2A5BC49E-C7B0-47F0-B958-7AEAE91822B6}.Release|Any CPU.ActiveCfg = Release|Any CPU
		{2A5BC49E-C7B0-47F0-B958-7AEAE91822B6}.Release|Any CPU.Build.0 = Release|Any CPU
		{2A5BC49E-C7B0-47F0-B958-7AEAE91822B6}.Release|x64.ActiveCfg = Release|Any CPU
		{2A5BC49E-C7B0-47F0-B958-7AEAE91822B6}.Release|x64.Build.0 = Release|Any CPU
		{2A5BC49E-C7B0-47F0-B958-7AEAE91822B6}.Release|x86.ActiveCfg = Release|Any CPU
		{2A5BC49E-C7B0-47F0-B958-7AEAE91822B6}.Release|x86.Build.0 = Release|Any CPU
		{FC89AC46-EA79-4416-A556-4D809001C4A2}.Debug|Any CPU.ActiveCfg = Debug|Any CPU
		{FC89AC46-EA79-4416-A556-4D809001C4A2}.Debug|Any CPU.Build.0 = Debug|Any CPU
		{FC89AC46-EA79-4416-A556-4D809001C4A2}.Debug|x64.ActiveCfg = Debug|Any CPU
		{FC89AC46-EA79-4416-A556-4D809001C4A2}.Debug|x64.Build.0 = Debug|Any CPU
		{FC89AC46-EA79-4416-A556-4D809001C4A2}.Debug|x86.ActiveCfg = Debug|Any CPU
		{FC89AC46-EA79-4416-A556-4D809001C4A2}.Debug|x86.Build.0 = Debug|Any CPU
		{FC89AC46-EA79-4416-A556-4D809001C4A2}.Release|Any CPU.ActiveCfg = Release|Any CPU
		{FC89AC46-EA79-4416-A556-4D809001C4A2}.Release|Any CPU.Build.0 = Release|Any CPU
		{FC89AC46-EA79-4416-A556-4D809001C4A2}.Release|x64.ActiveCfg = Release|Any CPU
		{FC89AC46-EA79-4416-A556-4D809001C4A2}.Release|x64.Build.0 = Release|Any CPU
		{FC89AC46-EA79-4416-A556-4D809001C4A2}.Release|x86.ActiveCfg = Release|Any CPU
		{FC89AC46-EA79-4416-A556-4D809001C4A2}.Release|x86.Build.0 = Release|Any CPU
		{F3273E49-67CF-4562-A3CB-EE2F684EB942}.Debug|Any CPU.ActiveCfg = Debug|Any CPU
		{F3273E49-67CF-4562-A3CB-EE2F684EB942}.Debug|Any CPU.Build.0 = Debug|Any CPU
		{F3273E49-67CF-4562-A3CB-EE2F684EB942}.Debug|x64.ActiveCfg = Debug|Any CPU
		{F3273E49-67CF-4562-A3CB-EE2F684EB942}.Debug|x64.Build.0 = Debug|Any CPU
		{F3273E49-67CF-4562-A3CB-EE2F684EB942}.Debug|x86.ActiveCfg = Debug|Any CPU
		{F3273E49-67CF-4562-A3CB-EE2F684EB942}.Debug|x86.Build.0 = Debug|Any CPU
		{F3273E49-67CF-4562-A3CB-EE2F684EB942}.Release|Any CPU.ActiveCfg = Release|Any CPU
		{F3273E49-67CF-4562-A3CB-EE2F684EB942}.Release|Any CPU.Build.0 = Release|Any CPU
		{F3273E49-67CF-4562-A3CB-EE2F684EB942}.Release|x64.ActiveCfg = Release|Any CPU
		{F3273E49-67CF-4562-A3CB-EE2F684EB942}.Release|x64.Build.0 = Release|Any CPU
		{F3273E49-67CF-4562-A3CB-EE2F684EB942}.Release|x86.ActiveCfg = Release|Any CPU
		{F3273E49-67CF-4562-A3CB-EE2F684EB942}.Release|x86.Build.0 = Release|Any CPU
		{93FB1C35-A15B-4E21-B754-2931FE022666}.Debug|Any CPU.ActiveCfg = Debug|Any CPU
		{93FB1C35-A15B-4E21-B754-2931FE022666}.Debug|Any CPU.Build.0 = Debug|Any CPU
		{93FB1C35-A15B-4E21-B754-2931FE022666}.Debug|x64.ActiveCfg = Debug|Any CPU
		{93FB1C35-A15B-4E21-B754-2931FE022666}.Debug|x64.Build.0 = Debug|Any CPU
		{93FB1C35-A15B-4E21-B754-2931FE022666}.Debug|x86.ActiveCfg = Debug|Any CPU
		{93FB1C35-A15B-4E21-B754-2931FE022666}.Debug|x86.Build.0 = Debug|Any CPU
		{93FB1C35-A15B-4E21-B754-2931FE022666}.Release|Any CPU.ActiveCfg = Release|Any CPU
		{93FB1C35-A15B-4E21-B754-2931FE022666}.Release|Any CPU.Build.0 = Release|Any CPU
		{93FB1C35-A15B-4E21-B754-2931FE022666}.Release|x64.ActiveCfg = Release|Any CPU
		{93FB1C35-A15B-4E21-B754-2931FE022666}.Release|x64.Build.0 = Release|Any CPU
		{93FB1C35-A15B-4E21-B754-2931FE022666}.Release|x86.ActiveCfg = Release|Any CPU
		{93FB1C35-A15B-4E21-B754-2931FE022666}.Release|x86.Build.0 = Release|Any CPU
		{6840659B-68BB-410B-B7C5-063E17D649C1}.Debug|Any CPU.ActiveCfg = Debug|Any CPU
		{6840659B-68BB-410B-B7C5-063E17D649C1}.Debug|Any CPU.Build.0 = Debug|Any CPU
		{6840659B-68BB-410B-B7C5-063E17D649C1}.Debug|x64.ActiveCfg = Debug|Any CPU
		{6840659B-68BB-410B-B7C5-063E17D649C1}.Debug|x64.Build.0 = Debug|Any CPU
		{6840659B-68BB-410B-B7C5-063E17D649C1}.Debug|x86.ActiveCfg = Debug|Any CPU
		{6840659B-68BB-410B-B7C5-063E17D649C1}.Debug|x86.Build.0 = Debug|Any CPU
		{6840659B-68BB-410B-B7C5-063E17D649C1}.Release|Any CPU.ActiveCfg = Release|Any CPU
		{6840659B-68BB-410B-B7C5-063E17D649C1}.Release|Any CPU.Build.0 = Release|Any CPU
		{6840659B-68BB-410B-B7C5-063E17D649C1}.Release|x64.ActiveCfg = Release|Any CPU
		{6840659B-68BB-410B-B7C5-063E17D649C1}.Release|x64.Build.0 = Release|Any CPU
		{6840659B-68BB-410B-B7C5-063E17D649C1}.Release|x86.ActiveCfg = Release|Any CPU
		{6840659B-68BB-410B-B7C5-063E17D649C1}.Release|x86.Build.0 = Release|Any CPU
		{63745D22-1EF2-419C-ABBE-DED9DAF32C73}.Debug|Any CPU.ActiveCfg = Debug|Any CPU
		{63745D22-1EF2-419C-ABBE-DED9DAF32C73}.Debug|Any CPU.Build.0 = Debug|Any CPU
		{63745D22-1EF2-419C-ABBE-DED9DAF32C73}.Debug|x64.ActiveCfg = Debug|Any CPU
		{63745D22-1EF2-419C-ABBE-DED9DAF32C73}.Debug|x64.Build.0 = Debug|Any CPU
		{63745D22-1EF2-419C-ABBE-DED9DAF32C73}.Debug|x86.ActiveCfg = Debug|Any CPU
		{63745D22-1EF2-419C-ABBE-DED9DAF32C73}.Debug|x86.Build.0 = Debug|Any CPU
		{63745D22-1EF2-419C-ABBE-DED9DAF32C73}.Release|Any CPU.ActiveCfg = Release|Any CPU
		{63745D22-1EF2-419C-ABBE-DED9DAF32C73}.Release|Any CPU.Build.0 = Release|Any CPU
		{63745D22-1EF2-419C-ABBE-DED9DAF32C73}.Release|x64.ActiveCfg = Release|Any CPU
		{63745D22-1EF2-419C-ABBE-DED9DAF32C73}.Release|x64.Build.0 = Release|Any CPU
		{63745D22-1EF2-419C-ABBE-DED9DAF32C73}.Release|x86.ActiveCfg = Release|Any CPU
		{63745D22-1EF2-419C-ABBE-DED9DAF32C73}.Release|x86.Build.0 = Release|Any CPU
		{A738EFB4-B065-4A6C-A1C7-1470A6606E48}.Debug|Any CPU.ActiveCfg = Debug|Any CPU
		{A738EFB4-B065-4A6C-A1C7-1470A6606E48}.Debug|Any CPU.Build.0 = Debug|Any CPU
		{A738EFB4-B065-4A6C-A1C7-1470A6606E48}.Debug|x64.ActiveCfg = Debug|Any CPU
		{A738EFB4-B065-4A6C-A1C7-1470A6606E48}.Debug|x64.Build.0 = Debug|Any CPU
		{A738EFB4-B065-4A6C-A1C7-1470A6606E48}.Debug|x86.ActiveCfg = Debug|Any CPU
		{A738EFB4-B065-4A6C-A1C7-1470A6606E48}.Debug|x86.Build.0 = Debug|Any CPU
		{A738EFB4-B065-4A6C-A1C7-1470A6606E48}.Release|Any CPU.ActiveCfg = Release|Any CPU
		{A738EFB4-B065-4A6C-A1C7-1470A6606E48}.Release|Any CPU.Build.0 = Release|Any CPU
		{A738EFB4-B065-4A6C-A1C7-1470A6606E48}.Release|x64.ActiveCfg = Release|Any CPU
		{A738EFB4-B065-4A6C-A1C7-1470A6606E48}.Release|x64.Build.0 = Release|Any CPU
		{A738EFB4-B065-4A6C-A1C7-1470A6606E48}.Release|x86.ActiveCfg = Release|Any CPU
		{A738EFB4-B065-4A6C-A1C7-1470A6606E48}.Release|x86.Build.0 = Release|Any CPU
		{3BF8AB33-52DA-471A-BC2B-45E7B50892D1}.Debug|Any CPU.ActiveCfg = Debug|Any CPU
		{3BF8AB33-52DA-471A-BC2B-45E7B50892D1}.Debug|Any CPU.Build.0 = Debug|Any CPU
		{3BF8AB33-52DA-471A-BC2B-45E7B50892D1}.Debug|x64.ActiveCfg = Debug|Any CPU
		{3BF8AB33-52DA-471A-BC2B-45E7B50892D1}.Debug|x64.Build.0 = Debug|Any CPU
		{3BF8AB33-52DA-471A-BC2B-45E7B50892D1}.Debug|x86.ActiveCfg = Debug|Any CPU
		{3BF8AB33-52DA-471A-BC2B-45E7B50892D1}.Debug|x86.Build.0 = Debug|Any CPU
		{3BF8AB33-52DA-471A-BC2B-45E7B50892D1}.Release|Any CPU.ActiveCfg = Release|Any CPU
		{3BF8AB33-52DA-471A-BC2B-45E7B50892D1}.Release|Any CPU.Build.0 = Release|Any CPU
		{3BF8AB33-52DA-471A-BC2B-45E7B50892D1}.Release|x64.ActiveCfg = Release|Any CPU
		{3BF8AB33-52DA-471A-BC2B-45E7B50892D1}.Release|x64.Build.0 = Release|Any CPU
		{3BF8AB33-52DA-471A-BC2B-45E7B50892D1}.Release|x86.ActiveCfg = Release|Any CPU
		{3BF8AB33-52DA-471A-BC2B-45E7B50892D1}.Release|x86.Build.0 = Release|Any CPU
		{3A278087-5E86-4A70-B197-59CBDC6D6034}.Debug|Any CPU.ActiveCfg = Debug|Any CPU
		{3A278087-5E86-4A70-B197-59CBDC6D6034}.Debug|Any CPU.Build.0 = Debug|Any CPU
		{3A278087-5E86-4A70-B197-59CBDC6D6034}.Debug|x64.ActiveCfg = Debug|Any CPU
		{3A278087-5E86-4A70-B197-59CBDC6D6034}.Debug|x64.Build.0 = Debug|Any CPU
		{3A278087-5E86-4A70-B197-59CBDC6D6034}.Debug|x86.ActiveCfg = Debug|Any CPU
		{3A278087-5E86-4A70-B197-59CBDC6D6034}.Debug|x86.Build.0 = Debug|Any CPU
		{3A278087-5E86-4A70-B197-59CBDC6D6034}.Release|Any CPU.ActiveCfg = Release|Any CPU
		{3A278087-5E86-4A70-B197-59CBDC6D6034}.Release|Any CPU.Build.0 = Release|Any CPU
		{3A278087-5E86-4A70-B197-59CBDC6D6034}.Release|x64.ActiveCfg = Release|Any CPU
		{3A278087-5E86-4A70-B197-59CBDC6D6034}.Release|x64.Build.0 = Release|Any CPU
		{3A278087-5E86-4A70-B197-59CBDC6D6034}.Release|x86.ActiveCfg = Release|Any CPU
		{3A278087-5E86-4A70-B197-59CBDC6D6034}.Release|x86.Build.0 = Release|Any CPU
		{124A6A2F-0D6B-4FB5-A6C8-F004DEA677FE}.Debug|Any CPU.ActiveCfg = Debug|Any CPU
		{124A6A2F-0D6B-4FB5-A6C8-F004DEA677FE}.Debug|Any CPU.Build.0 = Debug|Any CPU
		{124A6A2F-0D6B-4FB5-A6C8-F004DEA677FE}.Debug|x64.ActiveCfg = Debug|Any CPU
		{124A6A2F-0D6B-4FB5-A6C8-F004DEA677FE}.Debug|x64.Build.0 = Debug|Any CPU
		{124A6A2F-0D6B-4FB5-A6C8-F004DEA677FE}.Debug|x86.ActiveCfg = Debug|Any CPU
		{124A6A2F-0D6B-4FB5-A6C8-F004DEA677FE}.Debug|x86.Build.0 = Debug|Any CPU
		{124A6A2F-0D6B-4FB5-A6C8-F004DEA677FE}.Release|Any CPU.ActiveCfg = Release|Any CPU
		{124A6A2F-0D6B-4FB5-A6C8-F004DEA677FE}.Release|Any CPU.Build.0 = Release|Any CPU
		{124A6A2F-0D6B-4FB5-A6C8-F004DEA677FE}.Release|x64.ActiveCfg = Release|Any CPU
		{124A6A2F-0D6B-4FB5-A6C8-F004DEA677FE}.Release|x64.Build.0 = Release|Any CPU
		{124A6A2F-0D6B-4FB5-A6C8-F004DEA677FE}.Release|x86.ActiveCfg = Release|Any CPU
		{124A6A2F-0D6B-4FB5-A6C8-F004DEA677FE}.Release|x86.Build.0 = Release|Any CPU
		{6028399F-4C4D-41E9-A622-72879B686EE6}.Debug|Any CPU.ActiveCfg = Debug|Any CPU
		{6028399F-4C4D-41E9-A622-72879B686EE6}.Debug|Any CPU.Build.0 = Debug|Any CPU
		{6028399F-4C4D-41E9-A622-72879B686EE6}.Debug|x64.ActiveCfg = Debug|Any CPU
		{6028399F-4C4D-41E9-A622-72879B686EE6}.Debug|x64.Build.0 = Debug|Any CPU
		{6028399F-4C4D-41E9-A622-72879B686EE6}.Debug|x86.ActiveCfg = Debug|Any CPU
		{6028399F-4C4D-41E9-A622-72879B686EE6}.Debug|x86.Build.0 = Debug|Any CPU
		{6028399F-4C4D-41E9-A622-72879B686EE6}.Release|Any CPU.ActiveCfg = Release|Any CPU
		{6028399F-4C4D-41E9-A622-72879B686EE6}.Release|Any CPU.Build.0 = Release|Any CPU
		{6028399F-4C4D-41E9-A622-72879B686EE6}.Release|x64.ActiveCfg = Release|Any CPU
		{6028399F-4C4D-41E9-A622-72879B686EE6}.Release|x64.Build.0 = Release|Any CPU
		{6028399F-4C4D-41E9-A622-72879B686EE6}.Release|x86.ActiveCfg = Release|Any CPU
		{6028399F-4C4D-41E9-A622-72879B686EE6}.Release|x86.Build.0 = Release|Any CPU
		{B7B16CE6-8669-4A9D-9EFF-7EB2C3C206A5}.Debug|Any CPU.ActiveCfg = Debug|Any CPU
		{B7B16CE6-8669-4A9D-9EFF-7EB2C3C206A5}.Debug|Any CPU.Build.0 = Debug|Any CPU
		{B7B16CE6-8669-4A9D-9EFF-7EB2C3C206A5}.Debug|x64.ActiveCfg = Debug|Any CPU
		{B7B16CE6-8669-4A9D-9EFF-7EB2C3C206A5}.Debug|x64.Build.0 = Debug|Any CPU
		{B7B16CE6-8669-4A9D-9EFF-7EB2C3C206A5}.Debug|x86.ActiveCfg = Debug|Any CPU
		{B7B16CE6-8669-4A9D-9EFF-7EB2C3C206A5}.Debug|x86.Build.0 = Debug|Any CPU
		{B7B16CE6-8669-4A9D-9EFF-7EB2C3C206A5}.Release|Any CPU.ActiveCfg = Release|Any CPU
		{B7B16CE6-8669-4A9D-9EFF-7EB2C3C206A5}.Release|Any CPU.Build.0 = Release|Any CPU
		{B7B16CE6-8669-4A9D-9EFF-7EB2C3C206A5}.Release|x64.ActiveCfg = Release|Any CPU
		{B7B16CE6-8669-4A9D-9EFF-7EB2C3C206A5}.Release|x64.Build.0 = Release|Any CPU
		{B7B16CE6-8669-4A9D-9EFF-7EB2C3C206A5}.Release|x86.ActiveCfg = Release|Any CPU
		{B7B16CE6-8669-4A9D-9EFF-7EB2C3C206A5}.Release|x86.Build.0 = Release|Any CPU
	EndGlobalSection
	GlobalSection(SolutionProperties) = preSolution
		HideSolutionNode = FALSE
	EndGlobalSection
	GlobalSection(NestedProjects) = preSolution
		{BDF12DB7-77E7-4F4A-BD1B-6A073E5FB839} = {644EE131-BD1B-44BE-B7DF-F1CC56673984}
		{D5E9FF92-26E9-4DFD-BAF2-5BF99F3F7CC5} = {BDF12DB7-77E7-4F4A-BD1B-6A073E5FB839}
		{5946FE39-C5CC-47E3-A9BC-C3F87A8B0144} = {BDF12DB7-77E7-4F4A-BD1B-6A073E5FB839}
		{63DC9507-A954-4F67-B0D7-4BDA3464289B} = {5946FE39-C5CC-47E3-A9BC-C3F87A8B0144}
		{7CF7AD54-E0AA-4D5A-BEA1-2F779C173EA9} = {644EE131-BD1B-44BE-B7DF-F1CC56673984}
		{C607B853-3119-4ACF-83F4-BB59F68E0AD6} = {644EE131-BD1B-44BE-B7DF-F1CC56673984}
		{2A5BC49E-C7B0-47F0-B958-7AEAE91822B6} = {C607B853-3119-4ACF-83F4-BB59F68E0AD6}
		{FC89AC46-EA79-4416-A556-4D809001C4A2} = {BDF12DB7-77E7-4F4A-BD1B-6A073E5FB839}
		{40DBD09F-C767-4B68-83B5-81CF63102340} = {644EE131-BD1B-44BE-B7DF-F1CC56673984}
		{F3273E49-67CF-4562-A3CB-EE2F684EB942} = {40DBD09F-C767-4B68-83B5-81CF63102340}
		{93FB1C35-A15B-4E21-B754-2931FE022666} = {BDF12DB7-77E7-4F4A-BD1B-6A073E5FB839}
		{6840659B-68BB-410B-B7C5-063E17D649C1} = {644EE131-BD1B-44BE-B7DF-F1CC56673984}
		{63745D22-1EF2-419C-ABBE-DED9DAF32C73} = {BDF12DB7-77E7-4F4A-BD1B-6A073E5FB839}
		{A738EFB4-B065-4A6C-A1C7-1470A6606E48} = {644EE131-BD1B-44BE-B7DF-F1CC56673984}
		{3BF8AB33-52DA-471A-BC2B-45E7B50892D1} = {644EE131-BD1B-44BE-B7DF-F1CC56673984}
		{3A278087-5E86-4A70-B197-59CBDC6D6034} = {C607B853-3119-4ACF-83F4-BB59F68E0AD6}
		{124A6A2F-0D6B-4FB5-A6C8-F004DEA677FE} = {644EE131-BD1B-44BE-B7DF-F1CC56673984}
		{6028399F-4C4D-41E9-A622-72879B686EE6} = {C607B853-3119-4ACF-83F4-BB59F68E0AD6}
		{B7B16CE6-8669-4A9D-9EFF-7EB2C3C206A5} = {644EE131-BD1B-44BE-B7DF-F1CC56673984}
	EndGlobalSection
	GlobalSection(ExtensibilityGlobals) = postSolution
		SolutionGuid = {93BC4C01-AF62-4C20-81CB-B5BD0F7E5AAE}
	EndGlobalSection
EndGlobal
